Microsoft Visual Studio Solution File, Format Version 12.00
# Visual Studio 15
VisualStudioVersion = 15.0.26430.16
MinimumVisualStudioVersion = 10.0.40219.1
Project("{9A19103F-16F7-4668-BE54-9A1E7A4F7556}") = "TestOpenXML", "TestOpenXML.csproj", "{C99A28AD-957C-4972-8D5A-598E02D58837}"
EndProject
Global
	GlobalSection(SolutionConfigurationPlatforms) = preSolution
		Debug|x86 = Debug|x86
		Release|x86 = Release|x86
	EndGlobalSection
	GlobalSection(ProjectConfigurationPlatforms) = postSolution
		{C99A28AD-957C-4972-8D5A-598E02D58837}.Debug|x86.ActiveCfg = Debug|Any CPU
		{C99A28AD-957C-4972-8D5A-598E02D58837}.Debug|x86.Build.0 = Debug|Any CPU
		{C99A28AD-957C-4972-8D5A-598E02D58837}.Release|x86.ActiveCfg = Release|Any CPU
		{C99A28AD-957C-4972-8D5A-598E02D58837}.Release|x86.Build.0 = Release|Any CPU
	EndGlobalSection
	GlobalSection(SolutionProperties) = preSolution
		HideSolutionNode = FALSE
	EndGlobalSection
EndGlobal
